
Microsoft Visual Studio Solution File, Format Version 12.00
# Visual Studio Version 16
VisualStudioVersion = 16.0.30309.148
MinimumVisualStudioVersion = 10.0.40219.1
Project("{9A19103F-16F7-4668-BE54-9A1E7A4F7556}") = "LifeOS.WPF", "src\LifeOS.WPF\LifeOS.WPF.csproj", "{C10267C1-77AF-4D0F-ACC4-13F2DBB8ABEE}"
EndProject
Project("{9A19103F-16F7-4668-BE54-9A1E7A4F7556}") = "LifeOS.Common", "src\LifeOS.Common\LifeOS.Common.csproj", "{1C797B0D-1270-4295-98CB-45A5A0CC4AF3}"
EndProject
Project("{FAE04EC0-301F-11D3-BF4B-00C04F79EFBC}") = "LifeOS.Common.WPF", "src\LifeOS.Common.WPF\LifeOS.Common.WPF.csproj", "{03D7372E-FC7A-451B-9388-A2E50990423A}"
EndProject
Global
	GlobalSection(SolutionConfigurationPlatforms) = preSolution
		Debug|Any CPU = Debug|Any CPU
		Release|Any CPU = Release|Any CPU
	EndGlobalSection
	GlobalSection(ProjectConfigurationPlatforms) = postSolution
		{C10267C1-77AF-4D0F-ACC4-13F2DBB8ABEE}.Debug|Any CPU.ActiveCfg = Debug|Any CPU
		{C10267C1-77AF-4D0F-ACC4-13F2DBB8ABEE}.Debug|Any CPU.Build.0 = Debug|Any CPU
		{C10267C1-77AF-4D0F-ACC4-13F2DBB8ABEE}.Release|Any CPU.ActiveCfg = Release|Any CPU
		{C10267C1-77AF-4D0F-ACC4-13F2DBB8ABEE}.Release|Any CPU.Build.0 = Release|Any CPU
		{1C797B0D-1270-4295-98CB-45A5A0CC4AF3}.Debug|Any CPU.ActiveCfg = Debug|Any CPU
		{1C797B0D-1270-4295-98CB-45A5A0CC4AF3}.Debug|Any CPU.Build.0 = Debug|Any CPU
		{1C797B0D-1270-4295-98CB-45A5A0CC4AF3}.Release|Any CPU.ActiveCfg = Release|Any CPU
		{1C797B0D-1270-4295-98CB-45A5A0CC4AF3}.Release|Any CPU.Build.0 = Release|Any CPU
		{03D7372E-FC7A-451B-9388-A2E50990423A}.Debug|Any CPU.ActiveCfg = Debug|Any CPU
		{03D7372E-FC7A-451B-9388-A2E50990423A}.Debug|Any CPU.Build.0 = Debug|Any CPU
		{03D7372E-FC7A-451B-9388-A2E50990423A}.Release|Any CPU.ActiveCfg = Release|Any CPU
		{03D7372E-FC7A-451B-9388-A2E50990423A}.Release|Any CPU.Build.0 = Release|Any CPU
	EndGlobalSection
	GlobalSection(SolutionProperties) = preSolution
		HideSolutionNode = FALSE
	EndGlobalSection
	GlobalSection(ExtensibilityGlobals) = postSolution
		SolutionGuid = {502364BF-A9B8-4EE3-8E0D-8D5A6DF6EEEB}
	EndGlobalSection
EndGlobal
